// !$*UTF8*$!
{
	archiveVersion = 1;
	classes = {
	};
	objectVersion = 55;
	objects = {

/* Begin PBXBuildFile section */
		A2579D022880D887005672C5 /* PositionCell.swift in Sources */ = {isa = PBXBuildFile; fileRef = A2579D012880D886005672C5 /* PositionCell.swift */; };
		A2636A0B2881387300FF2009 /* Order.swift in Sources */ = {isa = PBXBuildFile; fileRef = A2636A0A2881387300FF2009 /* Order.swift */; };
		A2636A0D28813D0500FF2009 /* OrderStatus.swift in Sources */ = {isa = PBXBuildFile; fileRef = A2636A0C28813D0500FF2009 /* OrderStatus.swift */; };
		A26F865C287FB5E200C86C27 /* PizzaApp.swift in Sources */ = {isa = PBXBuildFile; fileRef = A26F865B287FB5E200C86C27 /* PizzaApp.swift */; };
		A26F865E287FB5E200C86C27 /* AuthorizationScreen.swift in Sources */ = {isa = PBXBuildFile; fileRef = A26F865D287FB5E200C86C27 /* AuthorizationScreen.swift */; };
		A26F8660287FB5E700C86C27 /* Assets.xcassets in Resources */ = {isa = PBXBuildFile; fileRef = A26F865F287FB5E700C86C27 /* Assets.xcassets */; };
		A26F8663287FB5E700C86C27 /* Preview Assets.xcassets in Resources */ = {isa = PBXBuildFile; fileRef = A26F8662287FB5E700C86C27 /* Preview Assets.xcassets */; };
		A2858B9B287FEE07007BB921 /* MainTabBarView.swift in Sources */ = {isa = PBXBuildFile; fileRef = A2858B9A287FEE06007BB921 /* MainTabBarView.swift */; };
		A2858B9D287FF1C5007BB921 /* CatalogScreen.swift in Sources */ = {isa = PBXBuildFile; fileRef = A2858B9C287FF1C5007BB921 /* CatalogScreen.swift */; };
		A2858B9F287FF225007BB921 /* CartScreen.swift in Sources */ = {isa = PBXBuildFile; fileRef = A2858B9E287FF225007BB921 /* CartScreen.swift */; };
		A2858BA1287FF239007BB921 /* ProfileScreen.swift in Sources */ = {isa = PBXBuildFile; fileRef = A2858BA0287FF239007BB921 /* ProfileScreen.swift */; };
		A2858BB62880363D007BB921 /* Product.swift in Sources */ = {isa = PBXBuildFile; fileRef = A2858BB52880363D007BB921 /* Product.swift */; };
		A2858BB928803763007BB921 /* ProductCell.swift in Sources */ = {isa = PBXBuildFile; fileRef = A2858BB828803763007BB921 /* ProductCell.swift */; };
		A2858BBC28803C4B007BB921 /* CatalogViewModel.swift in Sources */ = {isa = PBXBuildFile; fileRef = A2858BBB28803C4B007BB921 /* CatalogViewModel.swift */; };
		A2858BBF28804088007BB921 /* ProductDetailView.swift in Sources */ = {isa = PBXBuildFile; fileRef = A2858BBE28804088007BB921 /* ProductDetailView.swift */; };
		A2858BC128804583007BB921 /* ProductDetailViewModel.swift in Sources */ = {isa = PBXBuildFile; fileRef = A2858BC028804583007BB921 /* ProductDetailViewModel.swift */; };
		A2858BC328805EC7007BB921 /* CartViewModel.swift in Sources */ = {isa = PBXBuildFile; fileRef = A2858BC228805EC7007BB921 /* CartViewModel.swift */; };
		A2858BC528805EFD007BB921 /* Position.swift in Sources */ = {isa = PBXBuildFile; fileRef = A2858BC428805EFD007BB921 /* Position.swift */; };
		A2C3952D2882D72000E92C58 /* OrderCell.swift in Sources */ = {isa = PBXBuildFile; fileRef = A2C3952C2882D72000E92C58 /* OrderCell.swift */; };
		A2C395302882EEB500E92C58 /* AdminOrdersScreen.swift in Sources */ = {isa = PBXBuildFile; fileRef = A2C3952F2882EEB500E92C58 /* AdminOrdersScreen.swift */; };
		A2C395322882EFC900E92C58 /* AdminOrdersViewModel.swift in Sources */ = {isa = PBXBuildFile; fileRef = A2C395312882EFC800E92C58 /* AdminOrdersViewModel.swift */; };
		A2C395362882F23A00E92C58 /* AdminDetailOrderScreen.swift in Sources */ = {isa = PBXBuildFile; fileRef = A2C395352882F23A00E92C58 /* AdminDetailOrderScreen.swift */; };
		A2C395382882F25700E92C58 /* AdminDetailOrderViewModel.swift in Sources */ = {isa = PBXBuildFile; fileRef = A2C395372882F25700E92C58 /* AdminDetailOrderViewModel.swift */; };
		A2E967D32880EA8D002B1C67 /* GoogleService-Info (2).plist in Resources */ = {isa = PBXBuildFile; fileRef = A2E967D22880EA8D002B1C67 /* GoogleService-Info (2).plist */; };
		A2E967D52880EA9A002B1C67 /* GoogleService-Info.plist in Resources */ = {isa = PBXBuildFile; fileRef = A2E967D42880EA9A002B1C67 /* GoogleService-Info.plist */; };
		A2E967D82880ED49002B1C67 /* FirebaseAuth in Frameworks */ = {isa = PBXBuildFile; productRef = A2E967D72880ED49002B1C67 /* FirebaseAuth */; };
		A2E967DA2880ED49002B1C67 /* FirebaseFirestore in Frameworks */ = {isa = PBXBuildFile; productRef = A2E967D92880ED49002B1C67 /* FirebaseFirestore */; };
		A2E967DC2880ED49002B1C67 /* FirebaseStorage in Frameworks */ = {isa = PBXBuildFile; productRef = A2E967DB2880ED49002B1C67 /* FirebaseStorage */; };
		A2E967DF2880F073002B1C67 /* AuthtorizationService.swift in Sources */ = {isa = PBXBuildFile; fileRef = A2E967DE2880F073002B1C67 /* AuthtorizationService.swift */; };
		A2E967E1288100E2002B1C67 /* MainTabBarViewModel.swift in Sources */ = {isa = PBXBuildFile; fileRef = A2E967E0288100E1002B1C67 /* MainTabBarViewModel.swift */; };
		A2E967E3288103C5002B1C67 /* CurrentUser.swift in Sources */ = {isa = PBXBuildFile; fileRef = A2E967E2288103C5002B1C67 /* CurrentUser.swift */; };
		A2E967E5288109DA002B1C67 /* DatabaseService.swift in Sources */ = {isa = PBXBuildFile; fileRef = A2E967E4288109DA002B1C67 /* DatabaseService.swift */; };
		A2E967E7288115E7002B1C67 /* ProfileViewModel.swift in Sources */ = {isa = PBXBuildFile; fileRef = A2E967E6288115E7002B1C67 /* ProfileViewModel.swift */; };
/* End PBXBuildFile section */

/* Begin PBXFileReference section */
		A2579D012880D886005672C5 /* PositionCell.swift */ = {isa = PBXFileReference; lastKnownFileType = sourcecode.swift; path = PositionCell.swift; sourceTree = "<group>"; };
		A2636A0A2881387300FF2009 /* Order.swift */ = {isa = PBXFileReference; lastKnownFileType = sourcecode.swift; path = Order.swift; sourceTree = "<group>"; };
		A2636A0C28813D0500FF2009 /* OrderStatus.swift */ = {isa = PBXFileReference; lastKnownFileType = sourcecode.swift; path = OrderStatus.swift; sourceTree = "<group>"; };
		A26F8658287FB5E200C86C27 /* Pizza.app */ = {isa = PBXFileReference; explicitFileType = wrapper.application; includeInIndex = 0; path = Pizza.app; sourceTree = BUILT_PRODUCTS_DIR; };
		A26F865B287FB5E200C86C27 /* PizzaApp.swift */ = {isa = PBXFileReference; lastKnownFileType = sourcecode.swift; path = PizzaApp.swift; sourceTree = "<group>"; };
		A26F865D287FB5E200C86C27 /* AuthorizationScreen.swift */ = {isa = PBXFileReference; lastKnownFileType = sourcecode.swift; path = AuthorizationScreen.swift; sourceTree = "<group>"; };
		A26F865F287FB5E700C86C27 /* Assets.xcassets */ = {isa = PBXFileReference; lastKnownFileType = folder.assetcatalog; path = Assets.xcassets; sourceTree = "<group>"; };
		A26F8662287FB5E700C86C27 /* Preview Assets.xcassets */ = {isa = PBXFileReference; lastKnownFileType = folder.assetcatalog; path = "Preview Assets.xcassets"; sourceTree = "<group>"; };
		A2858B9A287FEE06007BB921 /* MainTabBarView.swift */ = {isa = PBXFileReference; lastKnownFileType = sourcecode.swift; path = MainTabBarView.swift; sourceTree = "<group>"; };
		A2858B9C287FF1C5007BB921 /* CatalogScreen.swift */ = {isa = PBXFileReference; lastKnownFileType = sourcecode.swift; path = CatalogScreen.swift; sourceTree = "<group>"; };
		A2858B9E287FF225007BB921 /* CartScreen.swift */ = {isa = PBXFileReference; lastKnownFileType = sourcecode.swift; path = CartScreen.swift; sourceTree = "<group>"; };
		A2858BA0287FF239007BB921 /* ProfileScreen.swift */ = {isa = PBXFileReference; lastKnownFileType = sourcecode.swift; path = ProfileScreen.swift; sourceTree = "<group>"; };
		A2858BB52880363D007BB921 /* Product.swift */ = {isa = PBXFileReference; lastKnownFileType = sourcecode.swift; path = Product.swift; sourceTree = "<group>"; };
		A2858BB828803763007BB921 /* ProductCell.swift */ = {isa = PBXFileReference; lastKnownFileType = sourcecode.swift; path = ProductCell.swift; sourceTree = "<group>"; };
		A2858BBB28803C4B007BB921 /* CatalogViewModel.swift */ = {isa = PBXFileReference; lastKnownFileType = sourcecode.swift; path = CatalogViewModel.swift; sourceTree = "<group>"; };
		A2858BBE28804088007BB921 /* ProductDetailView.swift */ = {isa = PBXFileReference; lastKnownFileType = sourcecode.swift; path = ProductDetailView.swift; sourceTree = "<group>"; };
		A2858BC028804583007BB921 /* ProductDetailViewModel.swift */ = {isa = PBXFileReference; lastKnownFileType = sourcecode.swift; path = ProductDetailViewModel.swift; sourceTree = "<group>"; };
		A2858BC228805EC7007BB921 /* CartViewModel.swift */ = {isa = PBXFileReference; lastKnownFileType = sourcecode.swift; path = CartViewModel.swift; sourceTree = "<group>"; };
		A2858BC428805EFD007BB921 /* Position.swift */ = {isa = PBXFileReference; lastKnownFileType = sourcecode.swift; path = Position.swift; sourceTree = "<group>"; };
		A2C3952C2882D72000E92C58 /* OrderCell.swift */ = {isa = PBXFileReference; lastKnownFileType = sourcecode.swift; path = OrderCell.swift; sourceTree = "<group>"; };
		A2C3952F2882EEB500E92C58 /* AdminOrdersScreen.swift */ = {isa = PBXFileReference; lastKnownFileType = sourcecode.swift; path = AdminOrdersScreen.swift; sourceTree = "<group>"; };
		A2C395312882EFC800E92C58 /* AdminOrdersViewModel.swift */ = {isa = PBXFileReference; lastKnownFileType = sourcecode.swift; path = AdminOrdersViewModel.swift; sourceTree = "<group>"; };
		A2C395352882F23A00E92C58 /* AdminDetailOrderScreen.swift */ = {isa = PBXFileReference; lastKnownFileType = sourcecode.swift; path = AdminDetailOrderScreen.swift; sourceTree = "<group>"; };
		A2C395372882F25700E92C58 /* AdminDetailOrderViewModel.swift */ = {isa = PBXFileReference; lastKnownFileType = sourcecode.swift; path = AdminDetailOrderViewModel.swift; sourceTree = "<group>"; };
		A2E967D22880EA8D002B1C67 /* GoogleService-Info (2).plist */ = {isa = PBXFileReference; fileEncoding = 4; lastKnownFileType = text.plist.xml; path = "GoogleService-Info (2).plist"; sourceTree = "<group>"; };
		A2E967D42880EA9A002B1C67 /* GoogleService-Info.plist */ = {isa = PBXFileReference; fileEncoding = 4; lastKnownFileType = text.plist.xml; path = "GoogleService-Info.plist"; sourceTree = "<group>"; };
		A2E967DE2880F073002B1C67 /* AuthtorizationService.swift */ = {isa = PBXFileReference; lastKnownFileType = sourcecode.swift; path = AuthtorizationService.swift; sourceTree = "<group>"; };
		A2E967E0288100E1002B1C67 /* MainTabBarViewModel.swift */ = {isa = PBXFileReference; lastKnownFileType = sourcecode.swift; path = MainTabBarViewModel.swift; sourceTree = "<group>"; };
		A2E967E2288103C5002B1C67 /* CurrentUser.swift */ = {isa = PBXFileReference; lastKnownFileType = sourcecode.swift; path = CurrentUser.swift; sourceTree = "<group>"; };
		A2E967E4288109DA002B1C67 /* DatabaseService.swift */ = {isa = PBXFileReference; lastKnownFileType = sourcecode.swift; path = DatabaseService.swift; sourceTree = "<group>"; };
		A2E967E6288115E7002B1C67 /* ProfileViewModel.swift */ = {isa = PBXFileReference; lastKnownFileType = sourcecode.swift; path = ProfileViewModel.swift; sourceTree = "<group>"; };
/* End PBXFileReference section */

/* Begin PBXFrameworksBuildPhase section */
		A26F8655287FB5E200C86C27 /* Frameworks */ = {
			isa = PBXFrameworksBuildPhase;
			buildActionMask = 2147483647;
			files = (
				A2E967D82880ED49002B1C67 /* FirebaseAuth in Frameworks */,
				A2E967DA2880ED49002B1C67 /* FirebaseFirestore in Frameworks */,
				A2E967DC2880ED49002B1C67 /* FirebaseStorage in Frameworks */,
			);
			runOnlyForDeploymentPostprocessing = 0;
		};
/* End PBXFrameworksBuildPhase section */

/* Begin PBXGroup section */
		A26F864F287FB5E100C86C27 = {
			isa = PBXGroup;
			children = (
				A26F865A287FB5E200C86C27 /* Pizza */,
				A26F8659287FB5E200C86C27 /* Products */,
			);
			sourceTree = "<group>";
		};
		A26F8659287FB5E200C86C27 /* Products */ = {
			isa = PBXGroup;
			children = (
				A26F8658287FB5E200C86C27 /* Pizza.app */,
			);
			name = Products;
			sourceTree = "<group>";
		};
		A26F865A287FB5E200C86C27 /* Pizza */ = {
			isa = PBXGroup;
			children = (
				A2E967D42880EA9A002B1C67 /* GoogleService-Info.plist */,
				A2E967DD2880EFB5002B1C67 /* Service */,
				A2858BBD28803C51007BB921 /* ViewModel */,
				A2858BBA28803C0E007BB921 /* Model */,
				A2858BB728803744007BB921 /* View */,
				A2858BB428803619007BB921 /* Screen */,
				A26F865B287FB5E200C86C27 /* PizzaApp.swift */,
				A26F865F287FB5E700C86C27 /* Assets.xcassets */,
				A26F8661287FB5E700C86C27 /* Preview Content */,
			);
			path = Pizza;
			sourceTree = "<group>";
		};
		A26F8661287FB5E700C86C27 /* Preview Content */ = {
			isa = PBXGroup;
			children = (
				A2E967D22880EA8D002B1C67 /* GoogleService-Info (2).plist */,
				A26F8662287FB5E700C86C27 /* Preview Assets.xcassets */,
			);
			path = "Preview Content";
			sourceTree = "<group>";
		};
		A2858BB428803619007BB921 /* Screen */ = {
			isa = PBXGroup;
			children = (
				A2C3952E2882EE9900E92C58 /* AdminInterface */,
				A26F865D287FB5E200C86C27 /* AuthorizationScreen.swift */,
				A2858B9A287FEE06007BB921 /* MainTabBarView.swift */,
				A2858B9C287FF1C5007BB921 /* CatalogScreen.swift */,
				A2858B9E287FF225007BB921 /* CartScreen.swift */,
				A2858BA0287FF239007BB921 /* ProfileScreen.swift */,
			);
			path = Screen;
			sourceTree = "<group>";
		};
		A2858BB728803744007BB921 /* View */ = {
			isa = PBXGroup;
			children = (
				A2858BB828803763007BB921 /* ProductCell.swift */,
				A2858BBE28804088007BB921 /* ProductDetailView.swift */,
				A2579D012880D886005672C5 /* PositionCell.swift */,
				A2C3952C2882D72000E92C58 /* OrderCell.swift */,
			);
			path = View;
			sourceTree = "<group>";
		};
		A2858BBA28803C0E007BB921 /* Model */ = {
			isa = PBXGroup;
			children = (
				A2858BB52880363D007BB921 /* Product.swift */,
				A2858BC428805EFD007BB921 /* Position.swift */,
				A2E967E2288103C5002B1C67 /* CurrentUser.swift */,
				A2636A0A2881387300FF2009 /* Order.swift */,
				A2636A0C28813D0500FF2009 /* OrderStatus.swift */,
			);
			path = Model;
			sourceTree = "<group>";
		};
		A2858BBD28803C51007BB921 /* ViewModel */ = {
			isa = PBXGroup;
			children = (
				A2858BBB28803C4B007BB921 /* CatalogViewModel.swift */,
				A2858BC028804583007BB921 /* ProductDetailViewModel.swift */,
				A2858BC228805EC7007BB921 /* CartViewModel.swift */,
				A2E967E0288100E1002B1C67 /* MainTabBarViewModel.swift */,
				A2E967E6288115E7002B1C67 /* ProfileViewModel.swift */,
				A2C395312882EFC800E92C58 /* AdminOrdersViewModel.swift */,
				A2C395372882F25700E92C58 /* AdminDetailOrderViewModel.swift */,
			);
			path = ViewModel;
			sourceTree = "<group>";
		};
		A2C3952E2882EE9900E92C58 /* AdminInterface */ = {
			isa = PBXGroup;
			children = (
				A2C3952F2882EEB500E92C58 /* AdminOrdersScreen.swift */,
				A2C395352882F23A00E92C58 /* AdminDetailOrderScreen.swift */,
			);
			path = AdminInterface;
			sourceTree = "<group>";
		};
		A2E967DD2880EFB5002B1C67 /* Service */ = {
			isa = PBXGroup;
			children = (
				A2E967DE2880F073002B1C67 /* AuthtorizationService.swift */,
				A2E967E4288109DA002B1C67 /* DatabaseService.swift */,
			);
			path = Service;
			sourceTree = "<group>";
		};
/* End PBXGroup section */

/* Begin PBXNativeTarget section */
		A26F8657287FB5E200C86C27 /* Pizza */ = {
			isa = PBXNativeTarget;
			buildConfigurationList = A26F8666287FB5E700C86C27 /* Build configuration list for PBXNativeTarget "Pizza" */;
			buildPhases = (
				A26F8654287FB5E200C86C27 /* Sources */,
				A26F8655287FB5E200C86C27 /* Frameworks */,
				A26F8656287FB5E200C86C27 /* Resources */,
			);
			buildRules = (
			);
			dependencies = (
			);
			name = Pizza;
			packageProductDependencies = (
				A2E967D72880ED49002B1C67 /* FirebaseAuth */,
				A2E967D92880ED49002B1C67 /* FirebaseFirestore */,
				A2E967DB2880ED49002B1C67 /* FirebaseStorage */,
			);
			productName = Pizza;
			productReference = A26F8658287FB5E200C86C27 /* Pizza.app */;
			productType = "com.apple.product-type.application";
		};
/* End PBXNativeTarget section */

/* Begin PBXProject section */
		A26F8650287FB5E200C86C27 /* Project object */ = {
			isa = PBXProject;
			attributes = {
				BuildIndependentTargetsInParallel = 1;
				LastSwiftUpdateCheck = 1340;
				LastUpgradeCheck = 1340;
				TargetAttributes = {
					A26F8657287FB5E200C86C27 = {
						CreatedOnToolsVersion = 13.4.1;
					};
				};
			};
			buildConfigurationList = A26F8653287FB5E200C86C27 /* Build configuration list for PBXProject "Pizza" */;
			compatibilityVersion = "Xcode 13.0";
			developmentRegion = en;
			hasScannedForEncodings = 0;
			knownRegions = (
				en,
				Base,
			);
			mainGroup = A26F864F287FB5E100C86C27;
			packageReferences = (
				A2E967D62880ED49002B1C67 /* XCRemoteSwiftPackageReference "firebase-ios-sdk" */,
			);
			productRefGroup = A26F8659287FB5E200C86C27 /* Products */;
			projectDirPath = "";
			projectRoot = "";
			targets = (
				A26F8657287FB5E200C86C27 /* Pizza */,
			);
		};
/* End PBXProject section */

/* Begin PBXResourcesBuildPhase section */
		A26F8656287FB5E200C86C27 /* Resources */ = {
			isa = PBXResourcesBuildPhase;
			buildActionMask = 2147483647;
			files = (
				A2E967D52880EA9A002B1C67 /* GoogleService-Info.plist in Resources */,
				A26F8663287FB5E700C86C27 /* Preview Assets.xcassets in Resources */,
				A2E967D32880EA8D002B1C67 /* GoogleService-Info (2).plist in Resources */,
				A26F8660287FB5E700C86C27 /* Assets.xcassets in Resources */,
			);
			runOnlyForDeploymentPostprocessing = 0;
		};
/* End PBXResourcesBuildPhase section */

/* Begin PBXSourcesBuildPhase section */
		A26F8654287FB5E200C86C27 /* Sources */ = {
			isa = PBXSourcesBuildPhase;
			buildActionMask = 2147483647;
			files = (
				A2C395382882F25700E92C58 /* AdminDetailOrderViewModel.swift in Sources */,
				A2E967E5288109DA002B1C67 /* DatabaseService.swift in Sources */,
				A2C395322882EFC900E92C58 /* AdminOrdersViewModel.swift in Sources */,
				A2E967E7288115E7002B1C67 /* ProfileViewModel.swift in Sources */,
				A2636A0B2881387300FF2009 /* Order.swift in Sources */,
				A2858BC328805EC7007BB921 /* CartViewModel.swift in Sources */,
				A2E967E1288100E2002B1C67 /* MainTabBarViewModel.swift in Sources */,
				A26F865E287FB5E200C86C27 /* AuthorizationScreen.swift in Sources */,
				A2858BBF28804088007BB921 /* ProductDetailView.swift in Sources */,
				A2858BA1287FF239007BB921 /* ProfileScreen.swift in Sources */,
				A2858B9D287FF1C5007BB921 /* CatalogScreen.swift in Sources */,
				A2858B9F287FF225007BB921 /* CartScreen.swift in Sources */,
				A2579D022880D887005672C5 /* PositionCell.swift in Sources */,
				A2C395302882EEB500E92C58 /* AdminOrdersScreen.swift in Sources */,
				A2C395362882F23A00E92C58 /* AdminDetailOrderScreen.swift in Sources */,
				A2858BC128804583007BB921 /* ProductDetailViewModel.swift in Sources */,
				A2C3952D2882D72000E92C58 /* OrderCell.swift in Sources */,
				A2636A0D28813D0500FF2009 /* OrderStatus.swift in Sources */,
				A2858BC528805EFD007BB921 /* Position.swift in Sources */,
				A2858B9B287FEE07007BB921 /* MainTabBarView.swift in Sources */,
				A2E967E3288103C5002B1C67 /* CurrentUser.swift in Sources */,
				A2858BB928803763007BB921 /* ProductCell.swift in Sources */,
				A26F865C287FB5E200C86C27 /* PizzaApp.swift in Sources */,
				A2858BB62880363D007BB921 /* Product.swift in Sources */,
				A2E967DF2880F073002B1C67 /* AuthtorizationService.swift in Sources */,
				A2858BBC28803C4B007BB921 /* CatalogViewModel.swift in Sources */,
			);
			runOnlyForDeploymentPostprocessing = 0;
		};
/* End PBXSourcesBuildPhase section */

/* Begin XCBuildConfiguration section */
		A26F8664287FB5E700C86C27 /* Debug */ = {
			isa = XCBuildConfiguration;
			buildSettings = {
				ALWAYS_SEARCH_USER_PATHS = NO;
				CLANG_ANALYZER_NONNULL = YES;
				CLANG_ANALYZER_NUMBER_OBJECT_CONVERSION = YES_AGGRESSIVE;
				CLANG_CXX_LANGUAGE_STANDARD = "gnu++17";
				CLANG_ENABLE_MODULES = YES;
				CLANG_ENABLE_OBJC_ARC = YES;
				CLANG_ENABLE_OBJC_WEAK = YES;
				CLANG_WARN_BLOCK_CAPTURE_AUTORELEASING = YES;
				CLANG_WARN_BOOL_CONVERSION = YES;
				CLANG_WARN_COMMA = YES;
				CLANG_WARN_CONSTANT_CONVERSION = YES;
				CLANG_WARN_DEPRECATED_OBJC_IMPLEMENTATIONS = YES;
				CLANG_WARN_DIRECT_OBJC_ISA_USAGE = YES_ERROR;
				CLANG_WARN_DOCUMENTATION_COMMENTS = YES;
				CLANG_WARN_EMPTY_BODY = YES;
				CLANG_WARN_ENUM_CONVERSION = YES;
				CLANG_WARN_INFINITE_RECURSION = YES;
				CLANG_WARN_INT_CONVERSION = YES;
				CLANG_WARN_NON_LITERAL_NULL_CONVERSION = YES;
				CLANG_WARN_OBJC_IMPLICIT_RETAIN_SELF = YES;
				CLANG_WARN_OBJC_LITERAL_CONVERSION = YES;
				CLANG_WARN_OBJC_ROOT_CLASS = YES_ERROR;
				CLANG_WARN_QUOTED_INCLUDE_IN_FRAMEWORK_HEADER = YES;
				CLANG_WARN_RANGE_LOOP_ANALYSIS = YES;
				CLANG_WARN_STRICT_PROTOTYPES = YES;
				CLANG_WARN_SUSPICIOUS_MOVE = YES;
				CLANG_WARN_UNGUARDED_AVAILABILITY = YES_AGGRESSIVE;
				CLANG_WARN_UNREACHABLE_CODE = YES;
				CLANG_WARN__DUPLICATE_METHOD_MATCH = YES;
				COPY_PHASE_STRIP = NO;
				DEBUG_INFORMATION_FORMAT = dwarf;
				ENABLE_STRICT_OBJC_MSGSEND = YES;
				ENABLE_TESTABILITY = YES;
				GCC_C_LANGUAGE_STANDARD = gnu11;
				GCC_DYNAMIC_NO_PIC = NO;
				GCC_NO_COMMON_BLOCKS = YES;
				GCC_OPTIMIZATION_LEVEL = 0;
				GCC_PREPROCESSOR_DEFINITIONS = (
					"DEBUG=1",
					"$(inherited)",
				);
				GCC_WARN_64_TO_32_BIT_CONVERSION = YES;
				GCC_WARN_ABOUT_RETURN_TYPE = YES_ERROR;
				GCC_WARN_UNDECLARED_SELECTOR = YES;
				GCC_WARN_UNINITIALIZED_AUTOS = YES_AGGRESSIVE;
				GCC_WARN_UNUSED_FUNCTION = YES;
				GCC_WARN_UNUSED_VARIABLE = YES;
				IPHONEOS_DEPLOYMENT_TARGET = 15.5;
				MTL_ENABLE_DEBUG_INFO = INCLUDE_SOURCE;
				MTL_FAST_MATH = YES;
				ONLY_ACTIVE_ARCH = YES;
				SDKROOT = iphoneos;
				SWIFT_ACTIVE_COMPILATION_CONDITIONS = DEBUG;
				SWIFT_OPTIMIZATION_LEVEL = "-Onone";
			};
			name = Debug;
		};
		A26F8665287FB5E700C86C27 /* Release */ = {
			isa = XCBuildConfiguration;
			buildSettings = {
				ALWAYS_SEARCH_USER_PATHS = NO;
				CLANG_ANALYZER_NONNULL = YES;
				CLANG_ANALYZER_NUMBER_OBJECT_CONVERSION = YES_AGGRESSIVE;
				CLANG_CXX_LANGUAGE_STANDARD = "gnu++17";
				CLANG_ENABLE_MODULES = YES;
				CLANG_ENABLE_OBJC_ARC = YES;
				CLANG_ENABLE_OBJC_WEAK = YES;
				CLANG_WARN_BLOCK_CAPTURE_AUTORELEASING = YES;
				CLANG_WARN_BOOL_CONVERSION = YES;
				CLANG_WARN_COMMA = YES;
				CLANG_WARN_CONSTANT_CONVERSION = YES;
				CLANG_WARN_DEPRECATED_OBJC_IMPLEMENTATIONS = YES;
				CLANG_WARN_DIRECT_OBJC_ISA_USAGE = YES_ERROR;
				CLANG_WARN_DOCUMENTATION_COMMENTS = YES;
				CLANG_WARN_EMPTY_BODY = YES;
				CLANG_WARN_ENUM_CONVERSION = YES;
				CLANG_WARN_INFINITE_RECURSION = YES;
				CLANG_WARN_INT_CONVERSION = YES;
				CLANG_WARN_NON_LITERAL_NULL_CONVERSION = YES;
				CLANG_WARN_OBJC_IMPLICIT_RETAIN_SELF = YES;
				CLANG_WARN_OBJC_LITERAL_CONVERSION = YES;
				CLANG_WARN_OBJC_ROOT_CLASS = YES_ERROR;
				CLANG_WARN_QUOTED_INCLUDE_IN_FRAMEWORK_HEADER = YES;
				CLANG_WARN_RANGE_LOOP_ANALYSIS = YES;
				CLANG_WARN_STRICT_PROTOTYPES = YES;
				CLANG_WARN_SUSPICIOUS_MOVE = YES;
				CLANG_WARN_UNGUARDED_AVAILABILITY = YES_AGGRESSIVE;
				CLANG_WARN_UNREACHABLE_CODE = YES;
				CLANG_WARN__DUPLICATE_METHOD_MATCH = YES;
				COPY_PHASE_STRIP = NO;
				DEBUG_INFORMATION_FORMAT = "dwarf-with-dsym";
				ENABLE_NS_ASSERTIONS = NO;
				ENABLE_STRICT_OBJC_MSGSEND = YES;
				GCC_C_LANGUAGE_STANDARD = gnu11;
				GCC_NO_COMMON_BLOCKS = YES;
				GCC_WARN_64_TO_32_BIT_CONVERSION = YES;
				GCC_WARN_ABOUT_RETURN_TYPE = YES_ERROR;
				GCC_WARN_UNDECLARED_SELECTOR = YES;
				GCC_WARN_UNINITIALIZED_AUTOS = YES_AGGRESSIVE;
				GCC_WARN_UNUSED_FUNCTION = YES;
				GCC_WARN_UNUSED_VARIABLE = YES;
				IPHONEOS_DEPLOYMENT_TARGET = 15.5;
				MTL_ENABLE_DEBUG_INFO = NO;
				MTL_FAST_MATH = YES;
				SDKROOT = iphoneos;
				SWIFT_COMPILATION_MODE = wholemodule;
				SWIFT_OPTIMIZATION_LEVEL = "-O";
				VALIDATE_PRODUCT = YES;
			};
			name = Release;
		};
		A26F8667287FB5E700C86C27 /* Debug */ = {
			isa = XCBuildConfiguration;
			buildSettings = {
				ASSETCATALOG_COMPILER_APPICON_NAME = AppIcon;
				ASSETCATALOG_COMPILER_GLOBAL_ACCENT_COLOR_NAME = AccentColor;
				CODE_SIGN_STYLE = Automatic;
				CURRENT_PROJECT_VERSION = 1;
				DEVELOPMENT_ASSET_PATHS = "\"Pizza/Preview Content\"";
				DEVELOPMENT_TEAM = FKJRTB74YX;
				ENABLE_PREVIEWS = YES;
				GENERATE_INFOPLIST_FILE = YES;
				INFOPLIST_KEY_UIApplicationSceneManifest_Generation = YES;
				INFOPLIST_KEY_UIApplicationSupportsIndirectInputEvents = YES;
				INFOPLIST_KEY_UILaunchScreen_Generation = YES;
				INFOPLIST_KEY_UISupportedInterfaceOrientations_iPad = "UIInterfaceOrientationPortrait UIInterfaceOrientationPortraitUpsideDown UIInterfaceOrientationLandscapeLeft UIInterfaceOrientationLandscapeRight";
				INFOPLIST_KEY_UISupportedInterfaceOrientations_iPhone = "UIInterfaceOrientationPortrait UIInterfaceOrientationLandscapeLeft UIInterfaceOrientationLandscapeRight";
				LD_RUNPATH_SEARCH_PATHS = (
					"$(inherited)",
					"@executable_path/Frameworks",
				);
				MARKETING_VERSION = 1.0;
				PRODUCT_BUNDLE_IDENTIFIER = dev.mikhaildanilov.Pizza;
				PRODUCT_NAME = "$(TARGET_NAME)";
				SWIFT_EMIT_LOC_STRINGS = YES;
				SWIFT_VERSION = 5.0;
				TARGETED_DEVICE_FAMILY = "1,2";
			};
			name = Debug;
		};
		A26F8668287FB5E700C86C27 /* Release */ = {
			isa = XCBuildConfiguration;
			buildSettings = {
				ASSETCATALOG_COMPILER_APPICON_NAME = AppIcon;
				ASSETCATALOG_COMPILER_GLOBAL_ACCENT_COLOR_NAME = AccentColor;
				CODE_SIGN_STYLE = Automatic;
				CURRENT_PROJECT_VERSION = 1;
				DEVELOPMENT_ASSET_PATHS = "\"Pizza/Preview Content\"";
				DEVELOPMENT_TEAM = FKJRTB74YX;
				ENABLE_PREVIEWS = YES;
				GENERATE_INFOPLIST_FILE = YES;
				INFOPLIST_KEY_UIApplicationSceneManifest_Generation = YES;
				INFOPLIST_KEY_UIApplicationSupportsIndirectInputEvents = YES;
				INFOPLIST_KEY_UILaunchScreen_Generation = YES;
				INFOPLIST_KEY_UISupportedInterfaceOrientations_iPad = "UIInterfaceOrientationPortrait UIInterfaceOrientationPortraitUpsideDown UIInterfaceOrientationLandscapeLeft UIInterfaceOrientationLandscapeRight";
				INFOPLIST_KEY_UISupportedInterfaceOrientations_iPhone = "UIInterfaceOrientationPortrait UIInterfaceOrientationLandscapeLeft UIInterfaceOrientationLandscapeRight";
				LD_RUNPATH_SEARCH_PATHS = (
					"$(inherited)",
					"@executable_path/Frameworks",
				);
				MARKETING_VERSION = 1.0;
				PRODUCT_BUNDLE_IDENTIFIER = dev.mikhaildanilov.Pizza;
				PRODUCT_NAME = "$(TARGET_NAME)";
				SWIFT_EMIT_LOC_STRINGS = YES;
				SWIFT_VERSION = 5.0;
				TARGETED_DEVICE_FAMILY = "1,2";
			};
			name = Release;
		};
/* End XCBuildConfiguration section */

/* Begin XCConfigurationList section */
		A26F8653287FB5E200C86C27 /* Build configuration list for PBXProject "Pizza" */ = {
			isa = XCConfigurationList;
			buildConfigurations = (
				A26F8664287FB5E700C86C27 /* Debug */,
				A26F8665287FB5E700C86C27 /* Release */,
			);
			defaultConfigurationIsVisible = 0;
			defaultConfigurationName = Release;
		};
		A26F8666287FB5E700C86C27 /* Build configuration list for PBXNativeTarget "Pizza" */ = {
			isa = XCConfigurationList;
			buildConfigurations = (
				A26F8667287FB5E700C86C27 /* Debug */,
				A26F8668287FB5E700C86C27 /* Release */,
			);
			defaultConfigurationIsVisible = 0;
			defaultConfigurationName = Release;
		};
/* End XCConfigurationList section */

/* Begin XCRemoteSwiftPackageReference section */
		A2E967D62880ED49002B1C67 /* XCRemoteSwiftPackageReference "firebase-ios-sdk" */ = {
			isa = XCRemoteSwiftPackageReference;
			repositoryURL = "https://github.com/firebase/firebase-ios-sdk";
			requirement = {
				kind = upToNextMajorVersion;
				minimumVersion = 9.0.0;
			};
		};
/* End XCRemoteSwiftPackageReference section */

/* Begin XCSwiftPackageProductDependency section */
		A2E967D72880ED49002B1C67 /* FirebaseAuth */ = {
			isa = XCSwiftPackageProductDependency;
			package = A2E967D62880ED49002B1C67 /* XCRemoteSwiftPackageReference "firebase-ios-sdk" */;
			productName = FirebaseAuth;
		};
		A2E967D92880ED49002B1C67 /* FirebaseFirestore */ = {
			isa = XCSwiftPackageProductDependency;
			package = A2E967D62880ED49002B1C67 /* XCRemoteSwiftPackageReference "firebase-ios-sdk" */;
			productName = FirebaseFirestore;
		};
		A2E967DB2880ED49002B1C67 /* FirebaseStorage */ = {
			isa = XCSwiftPackageProductDependency;
			package = A2E967D62880ED49002B1C67 /* XCRemoteSwiftPackageReference "firebase-ios-sdk" */;
			productName = FirebaseStorage;
		};
/* End XCSwiftPackageProductDependency section */
	};
	rootObject = A26F8650287FB5E200C86C27 /* Project object */;
}
